
Microsoft Visual Studio Solution File, Format Version 12.00
# Visual Studio Version 16
VisualStudioVersion = 16.0.31129.286
MinimumVisualStudioVersion = 10.0.40219.1
Project("{8BC9CEB8-8B4A-11D0-8D11-00A0C91BC942}") = "Lab4", "Lab4\Lab4.vcxproj", "{1FDD9A26-8A22-49E5-A697-C56A2985FB8F}"
EndProject
Project("{2150E333-8FDC-42A3-9474-1A3956D46DE8}") = "Solution Items", "Solution Items", "{5F9178C3-E64F-47F5-8B68-FF53F7383F5C}"
	ProjectSection(SolutionItems) = preProject
		Ulitities\RasterSurface.cpp = Ulitities\RasterSurface.cpp
		Ulitities\RasterSurface.h = Ulitities\RasterSurface.h
		Ulitities\XTime.cpp = Ulitities\XTime.cpp
		Ulitities\XTime.h = Ulitities\XTime.h
	EndProjectSection
EndProject
Global
	GlobalSection(SolutionConfigurationPlatforms) = preSolution
		Debug|x64 = Debug|x64
		Debug|x86 = Debug|x86
		Release|x64 = Release|x64
		Release|x86 = Release|x86
	EndGlobalSection
	GlobalSection(ProjectConfigurationPlatforms) = postSolution
		{1FDD9A26-8A22-49E5-A697-C56A2985FB8F}.Debug|x64.ActiveCfg = Debug|x64
		{1FDD9A26-8A22-49E5-A697-C56A2985FB8F}.Debug|x64.Build.0 = Debug|x64
		{1FDD9A26-8A22-49E5-A697-C56A2985FB8F}.Debug|x86.ActiveCfg = Debug|Win32
		{1FDD9A26-8A22-49E5-A697-C56A2985FB8F}.Debug|x86.Build.0 = Debug|Win32
		{1FDD9A26-8A22-49E5-A697-C56A2985FB8F}.Release|x64.ActiveCfg = Release|x64
		{1FDD9A26-8A22-49E5-A697-C56A2985FB8F}.Release|x64.Build.0 = Release|x64
		{1FDD9A26-8A22-49E5-A697-C56A2985FB8F}.Release|x86.ActiveCfg = Release|Win32
		{1FDD9A26-8A22-49E5-A697-C56A2985FB8F}.Release|x86.Build.0 = Release|Win32
	EndGlobalSection
	GlobalSection(SolutionProperties) = preSolution
		HideSolutionNode = FALSE
	EndGlobalSection
	GlobalSection(ExtensibilityGlobals) = postSolution
		SolutionGuid = {87C33144-99EC-45A2-BDC2-E2126F54E987}
	EndGlobalSection
EndGlobal
